
Microsoft Visual Studio Solution File, Format Version 12.00
# Visual Studio 14
VisualStudioVersion = 14.0.25420.1
MinimumVisualStudioVersion = 10.0.40219.1
Project("{2150E333-8FDC-42A3-9474-1A3956D46DE8}") = "src", "src", "{2553710E-13A6-4D57-9476-1F5A842C2250}"
EndProject
Project("{2150E333-8FDC-42A3-9474-1A3956D46DE8}") = "Solution Items", "Solution Items", "{F424FAF1-D782-45C7-B9C0-0041C5EA9D93}"
	ProjectSection(SolutionItems) = preProject
		global.json = global.json
	EndProjectSection
EndProject
Project("{8BB2217D-0F2D-49D1-97BC-3654ED321F3B}") = "NetCoreTest.Web", "src\NetCoreTest.Web\NetCoreTest.Web.xproj", "{1BEBC19C-C82D-4EDC-AD0F-10D3B75AE6FF}"
EndProject
Global
	GlobalSection(SolutionConfigurationPlatforms) = preSolution
		Debug|Any CPU = Debug|Any CPU
		Release|Any CPU = Release|Any CPU
	EndGlobalSection
	GlobalSection(ProjectConfigurationPlatforms) = postSolution
		{1BEBC19C-C82D-4EDC-AD0F-10D3B75AE6FF}.Debug|Any CPU.ActiveCfg = Debug|Any CPU
		{1BEBC19C-C82D-4EDC-AD0F-10D3B75AE6FF}.Debug|Any CPU.Build.0 = Debug|Any CPU
		{1BEBC19C-C82D-4EDC-AD0F-10D3B75AE6FF}.Release|Any CPU.ActiveCfg = Release|Any CPU
		{1BEBC19C-C82D-4EDC-AD0F-10D3B75AE6FF}.Release|Any CPU.Build.0 = Release|Any CPU
	EndGlobalSection
	GlobalSection(SolutionProperties) = preSolution
		HideSolutionNode = FALSE
	EndGlobalSection
	GlobalSection(NestedProjects) = preSolution
		{1BEBC19C-C82D-4EDC-AD0F-10D3B75AE6FF} = {2553710E-13A6-4D57-9476-1F5A842C2250}
	EndGlobalSection
EndGlobal
